PODS:
  - AFNetworking (2.6.3):
    - AFNetworking/NSURLConnection (= 2.6.3)
    - AFNetworking/NSURLSession (= 2.6.3)
    - AFNetworking/Reachability (= 2.6.3)
    - AFNetworking/Security (= 2.6.3)
    - AFNetworking/Serialization (= 2.6.3)
    - AFNetworking/UIKit (= 2.6.3)
  - AFNetworking/NSURLConnection (2.6.3):
    - AFNetworking/Reachability
    - AFNetworking/Security
    - AFNetworking/Serialization
  - AFNetworking/NSURLSession (2.6.3):
    - AFNetworking/Reachability
    - AFNetworking/Security
    - AFNetworking/Serialization
  - AFNetworking/Reachability (2.6.3)
  - AFNetworking/Security (2.6.3)
  - AFNetworking/Serialization (2.6.3)
  - AFNetworking/UIKit (2.6.3):
    - AFNetworking/NSURLConnection
    - AFNetworking/NSURLSession
  - BloggerAPI (0.1.0)
  - CoreDataPersistence (0.1.8)
  - Crashlytics (3.12.0):
    - Fabric (~> 1.9.0)
  - Fabric (1.9.0)
  - ImageProvide (0.4.0)
  - LaughingAdventure (0.9.2):
    - LaughingAdventure/Core (= 0.9.2)
  - LaughingAdventure/Core (0.9.2):
    - CoreDataPersistence (= 0.1.8)
  - MRProgress (0.8.3):
    - MRProgress/ActivityIndicator (= 0.8.3)
    - MRProgress/Blur (= 0.8.3)
    - MRProgress/Circular (= 0.8.3)
    - MRProgress/Icons (= 0.8.3)
    - MRProgress/NavigationBarProgress (= 0.8.3)
    - MRProgress/Overlay (= 0.8.3)
  - MRProgress/ActivityIndicator (0.8.3):
    - MRProgress/Stopable
  - MRProgress/Blur (0.8.3):
    - MRProgress/Helper
  - MRProgress/Circular (0.8.3):
    - MRProgress/Helper
    - MRProgress/ProgressBaseClass
    - MRProgress/Stopable
  - MRProgress/Helper (0.8.3)
  - MRProgress/Icons (0.8.3)
  - MRProgress/NavigationBarProgress (0.8.3):
    - MRProgress/ProgressBaseClass
  - MRProgress/Overlay (0.8.3):
    - MRProgress/ActivityIndicator
    - MRProgress/Blur
    - MRProgress/Circular
    - MRProgress/Helper
    - MRProgress/Icons
  - MRProgress/ProgressBaseClass (0.8.3)
  - MRProgress/Stopable (0.8.3):
    - MRProgress/Helper
  - Ono (1.2.2)
  - SwiftGen (6.0.2)
  - SWLogger (0.3.5)

DEPENDENCIES:
  - AFNetworking (= 2.6.3)
  - "BloggerAPI (from `git@github.com:coodly/BloggerAPI.git`)"
  - "CoreDataPersistence (from `git@github.com:coodly/CoreDataPersistence.git`)"
  - Crashlytics (= 3.12.0)
  - Fabric (= 1.9.0)
  - "ImageProvide (from `git@github.com:coodly/ImageProvide.git`)"
  - "LaughingAdventure (from `git@github.com:coodly/laughing-adventure.git`)"
  - MRProgress (= 0.8.3)
  - Ono (= 1.2.2)
  - SwiftGen (= 6.0.2)
  - "SWLogger (from `git@github.com:coodly/swlogger.git`)"

SPEC REPOS:
  https://github.com/cocoapods/specs.git:
    - AFNetworking
    - Crashlytics
    - Fabric
    - MRProgress
    - Ono
    - SwiftGen

EXTERNAL SOURCES:
  BloggerAPI:
    :git: "git@github.com:coodly/BloggerAPI.git"
  CoreDataPersistence:
    :git: "git@github.com:coodly/CoreDataPersistence.git"
  ImageProvide:
    :git: "git@github.com:coodly/ImageProvide.git"
  LaughingAdventure:
    :git: "git@github.com:coodly/laughing-adventure.git"
  SWLogger:
    :git: "git@github.com:coodly/swlogger.git"

CHECKOUT OPTIONS:
  BloggerAPI:
    :commit: 0a495231a3b58a02ea8eeb52f262bde69784d3c4
    :git: "git@github.com:coodly/BloggerAPI.git"
  CoreDataPersistence:
    :commit: 24521626b5639a69e015deb333060c844a2a7f61
    :git: "git@github.com:coodly/CoreDataPersistence.git"
  ImageProvide:
    :commit: 13bfd7e42ad53f5bd0f516caea6559f8ca86d0e1
    :git: "git@github.com:coodly/ImageProvide.git"
  LaughingAdventure:
    :commit: 333d66f271f74eac458f506eb6e00bd7261db980
    :git: "git@github.com:coodly/laughing-adventure.git"
  SWLogger:
    :commit: 6f98c0136e10c1d8612197584171dc359110b4e5
    :git: "git@github.com:coodly/swlogger.git"

SPEC CHECKSUMS:
  AFNetworking: cb8d14a848e831097108418f5d49217339d4eb60
  BloggerAPI: cd9a29ae3a2e277c2a0940bab3cd8e07b70758e9
  CoreDataPersistence: f6f79d2843b4c7f6e014893abad97cec4b50cf45
  Crashlytics: 07fb167b1694128c1c9a5a5cc319b0e9c3ca0933
  Fabric: f988e33c97f08930a413e08123064d2e5f68d655
  ImageProvide: fe609b7115a803417828f5747a8e57d0713fa734
  LaughingAdventure: ff87594a587bd39c9c4b0b9207005322082a9622
  MRProgress: 16de7cc9f347e8846797a770db102a323fe7ef09
  Ono: 80b1c686777d3f6d5d5ce6fcac8a74afef4ca197
  SwiftGen: e5b047067aa84082826a0c4f1c4c2ddc95bcf74c
  SWLogger: 67c20e4ac8bec12c0b8a262a0917e24e8494899b

PODFILE CHECKSUM: c01b2876c927eb416de999f8fa1db17d10720949

COCOAPODS: 1.5.3
