PODS:
  - BloggerAPI (0.1.1)
  - CoreDataPersistence (0.2.4)
  - ImageProvide (0.5.0)
  - Puff/Core (0.6.3):
    - Puff/Logger
    - Puff/Serialization
  - Puff/Logger (0.6.3)
  - Puff/Serialization (0.6.3):
    - Puff/Logger
  - SwiftGen (6.0.2)
  - SWLogger (0.4.3)

DEPENDENCIES:
  - "BloggerAPI (from `git@github.com:coodly/BloggerAPI.git`, tag `0.1.1`)"
  - "CoreDataPersistence (from `git@github.com:coodly/CoreDataPersistence.git`, tag `0.2.4`)"
  - "ImageProvide (from `git@github.com:coodly/ImageProvide.git`, tag `0.5.0`)"
  - "Puff/Core (from `git@github.com:coodly/Puff.git`, tag `0.6.3`)"
  - SwiftGen (= 6.0.2)
  - "SWLogger (from `git@github.com:coodly/swlogger.git`, tag `0.5.0`)"

SPEC REPOS:
  https://github.com/CocoaPods/Specs.git:
    - SwiftGen

EXTERNAL SOURCES:
  BloggerAPI:
    :git: "git@github.com:coodly/BloggerAPI.git"
    :tag: 0.1.1
  CoreDataPersistence:
    :git: "git@github.com:coodly/CoreDataPersistence.git"
    :tag: 0.2.4
  ImageProvide:
    :git: "git@github.com:coodly/ImageProvide.git"
    :tag: 0.5.0
  Puff:
    :git: "git@github.com:coodly/Puff.git"
    :tag: 0.6.3
  SWLogger:
    :git: "git@github.com:coodly/swlogger.git"
    :tag: 0.5.0

CHECKOUT OPTIONS:
  BloggerAPI:
    :git: "git@github.com:coodly/BloggerAPI.git"
    :tag: 0.1.1
  CoreDataPersistence:
    :git: "git@github.com:coodly/CoreDataPersistence.git"
    :tag: 0.2.4
  ImageProvide:
    :git: "git@github.com:coodly/ImageProvide.git"
    :tag: 0.5.0
  Puff:
    :git: "git@github.com:coodly/Puff.git"
    :tag: 0.6.3
  SWLogger:
    :git: "git@github.com:coodly/swlogger.git"
    :tag: 0.5.0

SPEC CHECKSUMS:
  BloggerAPI: e375ba837d55d714d3bbf248958621db54ad04ca
  CoreDataPersistence: 150e10ee57c5c23e8e39ef1e6c8774c859ef77aa
  ImageProvide: a4b5df19bc6eead48ddf6154019d90a25ea92c62
  Puff: a03e0afe8accc45f187e845bf6dd6600bf3ae6b9
  SwiftGen: e5b047067aa84082826a0c4f1c4c2ddc95bcf74c
  SWLogger: f1f871a2dcd4183d0aa49b9db9a9ca924e0ab7b3

PODFILE CHECKSUM: 993a6148fd9e7926de17a587645b782b506dfe1c

COCOAPODS: 1.10.0
