PODS:
  - AFNetworking (2.6.3):
    - AFNetworking/NSURLConnection (= 2.6.3)
    - AFNetworking/NSURLSession (= 2.6.3)
    - AFNetworking/Reachability (= 2.6.3)
    - AFNetworking/Security (= 2.6.3)
    - AFNetworking/Serialization (= 2.6.3)
    - AFNetworking/UIKit (= 2.6.3)
  - AFNetworking/NSURLConnection (2.6.3):
    - AFNetworking/Reachability
    - AFNetworking/Security
    - AFNetworking/Serialization
  - AFNetworking/NSURLSession (2.6.3):
    - AFNetworking/Reachability
    - AFNetworking/Security
    - AFNetworking/Serialization
  - AFNetworking/Reachability (2.6.3)
  - AFNetworking/Security (2.6.3)
  - AFNetworking/Serialization (2.6.3)
  - AFNetworking/UIKit (2.6.3):
    - AFNetworking/NSURLConnection
    - AFNetworking/NSURLSession
  - Crashlytics (3.8.0):
    - Fabric (~> 1.6.3)
  - Fabric (1.6.8)
  - LaughingAdventure (0.3.0):
    - LaughingAdventure/Core (= 0.3.0)
  - LaughingAdventure/Core (0.3.0)
  - MRProgress (0.8.3):
    - MRProgress/ActivityIndicator (= 0.8.3)
    - MRProgress/Blur (= 0.8.3)
    - MRProgress/Circular (= 0.8.3)
    - MRProgress/Icons (= 0.8.3)
    - MRProgress/NavigationBarProgress (= 0.8.3)
    - MRProgress/Overlay (= 0.8.3)
  - MRProgress/ActivityIndicator (0.8.3):
    - MRProgress/Stopable
  - MRProgress/Blur (0.8.3):
    - MRProgress/Helper
  - MRProgress/Circular (0.8.3):
    - MRProgress/Helper
    - MRProgress/ProgressBaseClass
    - MRProgress/Stopable
  - MRProgress/Helper (0.8.3)
  - MRProgress/Icons (0.8.3)
  - MRProgress/NavigationBarProgress (0.8.3):
    - MRProgress/ProgressBaseClass
  - MRProgress/Overlay (0.8.3):
    - MRProgress/ActivityIndicator
    - MRProgress/Blur
    - MRProgress/Circular
    - MRProgress/Helper
    - MRProgress/Icons
  - MRProgress/ProgressBaseClass (0.8.3)
  - MRProgress/Stopable (0.8.3):
    - MRProgress/Helper
  - Ono (1.2.2)
  - SWLogger (0.3.0)

DEPENDENCIES:
  - AFNetworking (= 2.6.3)
  - Crashlytics
  - Fabric
  - LaughingAdventure (from `git@github.com:coodly/laughing-adventure.git`)
  - MRProgress
  - Ono
  - SWLogger (from `git@github.com:coodly/swlogger.git`)

EXTERNAL SOURCES:
  LaughingAdventure:
    :git: git@github.com:coodly/laughing-adventure.git
  SWLogger:
    :git: git@github.com:coodly/swlogger.git

CHECKOUT OPTIONS:
  LaughingAdventure:
    :commit: db578d7408c02ce0487ffd5f49abe5db340f6172
    :git: git@github.com:coodly/laughing-adventure.git
  SWLogger:
    :commit: 5a14a25e047ed73726041d65376a02dc73a62644
    :git: git@github.com:coodly/swlogger.git

SPEC CHECKSUMS:
  AFNetworking: cb8d14a848e831097108418f5d49217339d4eb60
  Crashlytics: 8601d9c74a4c4d28f3e7f408bf4c0e490c70e8b4
  Fabric: 5755268d0171435ab167e3d0878a28a777deaf10
  LaughingAdventure: faee0f18f7f9d1dd9571ec2dc217c66b3e6b82f9
  MRProgress: 16de7cc9f347e8846797a770db102a323fe7ef09
  Ono: 80b1c686777d3f6d5d5ce6fcac8a74afef4ca197
  SWLogger: 0fb957f5e299a829e0e8e4fd2bd809e813ad2bd8

PODFILE CHECKSUM: 12532f39fa0785983e625f62496bc13bbd083412

COCOAPODS: 1.1.0.beta.1
