// !$*UTF8*$!
{
	archiveVersion = 1;
	classes = {
	};
	objectVersion = 52;
	objects = {

/* Begin PBXAggregateTarget section */
		A7ADF44A21C8F42B008B3205 /* Check localization */ = {
			isa = PBXAggregateTarget;
			buildConfigurationList = A7ADF44D21C8F42B008B3205 /* Build configuration list for PBXAggregateTarget "Check localization" */;
			buildPhases = (
				A7ADF45021C8F448008B3205 /* Check localization */,
				A7ADF45121C8F464008B3205 /* Generate L10n */,
			);
			dependencies = (
			);
			name = "Check localization";
			productName = "Check localization";
		};
/* End PBXAggregateTarget section */

/* Begin PBXBuildFile section */
		A70238CF21C800BA00A7CFE9 /* AppDelegate.swift in Sources */ = {isa = PBXBuildFile; fileRef = A70238CE21C800BA00A7CFE9 /* AppDelegate.swift */; };
		A70238D421C800BA00A7CFE9 /* Main.storyboard in Resources */ = {isa = PBXBuildFile; fileRef = A70238D221C800BA00A7CFE9 /* Main.storyboard */; };
		A70238D621C800BD00A7CFE9 /* Assets.xcassets in Resources */ = {isa = PBXBuildFile; fileRef = A70238D521C800BD00A7CFE9 /* Assets.xcassets */; };
		A70238E921C8025B00A7CFE9 /* LaunchView.xib in Resources */ = {isa = PBXBuildFile; fileRef = A70238E821C8025B00A7CFE9 /* LaunchView.xib */; };
		A70238EC21C8030300A7CFE9 /* InitializeViewController.swift in Sources */ = {isa = PBXBuildFile; fileRef = A70238EB21C8030300A7CFE9 /* InitializeViewController.swift */; };
		A744576E21CE60BF009B4D4E /* CloudKit.framework in Frameworks */ = {isa = PBXBuildFile; fileRef = A7D19E921DC601830024C3A7 /* CloudKit.framework */; };
		A78CABE321F435420072B508 /* AppPresentationViewController.swift in Sources */ = {isa = PBXBuildFile; fileRef = A78CABE221F435420072B508 /* AppPresentationViewController.swift */; };
		A792726721C92C330001F621 /* Kiosk.sqlite in Resources */ = {isa = PBXBuildFile; fileRef = A792726621C92C330001F621 /* Kiosk.sqlite */; };
		A7B66A7A21CD1FCA00DB1840 /* triplex-bold.ttf in Resources */ = {isa = PBXBuildFile; fileRef = A7B66A7921CD1FCA00DB1840 /* triplex-bold.ttf */; };
		EADC258326CE1FF2009B13A7 /* BuildFile in Frameworks */ = {isa = PBXBuildFile; productRef = EADC258226CE1FF2009B13A7 /* SwiftPackageProductDependency */; };
		EADC258526CE1FF2009B13A7 /* BuildFile in Frameworks */ = {isa = PBXBuildFile; productRef = EADC258426CE1FF2009B13A7 /* SwiftPackageProductDependency */; };
/* End PBXBuildFile section */

/* Begin PBXFileReference section */
		A70238CC21C800BA00A7CFE9 /* Kiosk.app */ = {isa = PBXFileReference; explicitFileType = wrapper.application; includeInIndex = 0; path = Kiosk.app; sourceTree = BUILT_PRODUCTS_DIR; };
		A70238CE21C800BA00A7CFE9 /* AppDelegate.swift */ = {isa = PBXFileReference; lastKnownFileType = sourcecode.swift; path = AppDelegate.swift; sourceTree = "<group>"; };
		A70238D321C800BA00A7CFE9 /* Base */ = {isa = PBXFileReference; lastKnownFileType = file.storyboard; name = Base; path = Base.lproj/Main.storyboard; sourceTree = "<group>"; };
		A70238D521C800BD00A7CFE9 /* Assets.xcassets */ = {isa = PBXFileReference; lastKnownFileType = folder.assetcatalog; path = Assets.xcassets; sourceTree = "<group>"; };
		A70238DA21C800BD00A7CFE9 /* Info.plist */ = {isa = PBXFileReference; lastKnownFileType = text.plist.xml; path = Info.plist; sourceTree = "<group>"; };
		A70238E821C8025B00A7CFE9 /* LaunchView.xib */ = {isa = PBXFileReference; lastKnownFileType = file.xib; path = LaunchView.xib; sourceTree = "<group>"; };
		A70238EB21C8030300A7CFE9 /* InitializeViewController.swift */ = {isa = PBXFileReference; lastKnownFileType = sourcecode.swift; path = InitializeViewController.swift; sourceTree = "<group>"; };
		A744576D21CE60BB009B4D4E /* Kiosk.entitlements */ = {isa = PBXFileReference; lastKnownFileType = text.plist.entitlements; path = Kiosk.entitlements; sourceTree = "<group>"; };
		A78CABE221F435420072B508 /* AppPresentationViewController.swift */ = {isa = PBXFileReference; lastKnownFileType = sourcecode.swift; path = AppPresentationViewController.swift; sourceTree = "<group>"; };
		A792726621C92C330001F621 /* Kiosk.sqlite */ = {isa = PBXFileReference; lastKnownFileType = file; path = Kiosk.sqlite; sourceTree = "<group>"; };
		A7B66A7921CD1FCA00DB1840 /* triplex-bold.ttf */ = {isa = PBXFileReference; lastKnownFileType = file; path = "triplex-bold.ttf"; sourceTree = "<group>"; };
		A7D19E921DC601830024C3A7 /* CloudKit.framework */ = {isa = PBXFileReference; lastKnownFileType = wrapper.framework; name = CloudKit.framework; path = System/Library/Frameworks/CloudKit.framework; sourceTree = SDKROOT; };
		EA0668C3192A45C4009C83F1 /* Foundation.framework */ = {isa = PBXFileReference; lastKnownFileType = wrapper.framework; name = Foundation.framework; path = System/Library/Frameworks/Foundation.framework; sourceTree = SDKROOT; };
		EA0668C5192A45C4009C83F1 /* CoreGraphics.framework */ = {isa = PBXFileReference; lastKnownFileType = wrapper.framework; name = CoreGraphics.framework; path = System/Library/Frameworks/CoreGraphics.framework; sourceTree = SDKROOT; };
		EA0668C7192A45C4009C83F1 /* UIKit.framework */ = {isa = PBXFileReference; lastKnownFileType = wrapper.framework; name = UIKit.framework; path = System/Library/Frameworks/UIKit.framework; sourceTree = SDKROOT; };
		EA0668DC192A45C4009C83F1 /* XCTest.framework */ = {isa = PBXFileReference; lastKnownFileType = wrapper.framework; name = XCTest.framework; path = Library/Frameworks/XCTest.framework; sourceTree = DEVELOPER_DIR; };
		EA2713AB1B1A4B40002D655E /* Fabric.framework */ = {isa = PBXFileReference; lastKnownFileType = wrapper.framework; path = Fabric.framework; sourceTree = "<group>"; };
		EA2713AC1B1A4B40002D655E /* Crashlytics.framework */ = {isa = PBXFileReference; lastKnownFileType = wrapper.framework; path = Crashlytics.framework; sourceTree = "<group>"; };
		EADC258126CE1CAD009B13A7 /* Packages */ = {isa = PBXFileReference; lastKnownFileType = folder; path = Packages; sourceTree = "<group>"; };
		EADC258626CE2584009B13A7 /* swiftgen.yml */ = {isa = PBXFileReference; lastKnownFileType = text.yaml; path = swiftgen.yml; sourceTree = "<group>"; };
/* End PBXFileReference section */

/* Begin PBXFrameworksBuildPhase section */
		A70238C921C800BA00A7CFE9 /* Frameworks */ = {
			isa = PBXFrameworksBuildPhase;
			buildActionMask = 2147483647;
			files = (
				EADC258526CE1FF2009B13A7 /* BuildFile in Frameworks */,
				A744576E21CE60BF009B4D4E /* CloudKit.framework in Frameworks */,
				EADC258326CE1FF2009B13A7 /* BuildFile in Frameworks */,
			);
			runOnlyForDeploymentPostprocessing = 0;
		};
/* End PBXFrameworksBuildPhase section */

/* Begin PBXGroup section */
		A70238CD21C800BA00A7CFE9 /* Kiosk */ = {
			isa = PBXGroup;
			children = (
				A744576D21CE60BB009B4D4E /* Kiosk.entitlements */,
				A792726521C92C0B0001F621 /* Data */,
				A7B66A7821CD1FB300DB1840 /* Fonts */,
				A70238ED21C8040C00A7CFE9 /* Supporting Files */,
				A70238EA21C802F500A7CFE9 /* ViewControllers */,
				A70238E721C8024E00A7CFE9 /* Views */,
				A70238CE21C800BA00A7CFE9 /* AppDelegate.swift */,
				A70238D521C800BD00A7CFE9 /* Assets.xcassets */,
			);
			path = Kiosk;
			sourceTree = "<group>";
		};
		A70238E721C8024E00A7CFE9 /* Views */ = {
			isa = PBXGroup;
			children = (
				A70238E821C8025B00A7CFE9 /* LaunchView.xib */,
			);
			path = Views;
			sourceTree = "<group>";
		};
		A70238EA21C802F500A7CFE9 /* ViewControllers */ = {
			isa = PBXGroup;
			children = (
				A78CABE221F435420072B508 /* AppPresentationViewController.swift */,
				A70238EB21C8030300A7CFE9 /* InitializeViewController.swift */,
			);
			path = ViewControllers;
			sourceTree = "<group>";
		};
		A70238ED21C8040C00A7CFE9 /* Supporting Files */ = {
			isa = PBXGroup;
			children = (
				A70238DA21C800BD00A7CFE9 /* Info.plist */,
				A70238D221C800BA00A7CFE9 /* Main.storyboard */,
			);
			path = "Supporting Files";
			sourceTree = "<group>";
		};
		A792726521C92C0B0001F621 /* Data */ = {
			isa = PBXGroup;
			children = (
				A792726621C92C330001F621 /* Kiosk.sqlite */,
			);
			path = Data;
			sourceTree = "<group>";
		};
		A7B66A7821CD1FB300DB1840 /* Fonts */ = {
			isa = PBXGroup;
			children = (
				A7B66A7921CD1FCA00DB1840 /* triplex-bold.ttf */,
			);
			path = Fonts;
			sourceTree = "<group>";
		};
		EA0668B7192A45C4009C83F1 = {
			isa = PBXGroup;
			children = (
				EADC258626CE2584009B13A7 /* swiftgen.yml */,
				EADC258126CE1CAD009B13A7 /* Packages */,
				A70238CD21C800BA00A7CFE9 /* Kiosk */,
				EA0668C2192A45C4009C83F1 /* Frameworks */,
				EA0668C1192A45C4009C83F1 /* Products */,
			);
			sourceTree = "<group>";
			wrapsLines = 0;
		};
		EA0668C1192A45C4009C83F1 /* Products */ = {
			isa = PBXGroup;
			children = (
				A70238CC21C800BA00A7CFE9 /* Kiosk.app */,
			);
			name = Products;
			sourceTree = "<group>";
		};
		EA0668C2192A45C4009C83F1 /* Frameworks */ = {
			isa = PBXGroup;
			children = (
				A7D19E921DC601830024C3A7 /* CloudKit.framework */,
				EA2713AB1B1A4B40002D655E /* Fabric.framework */,
				EA2713AC1B1A4B40002D655E /* Crashlytics.framework */,
				EA0668C3192A45C4009C83F1 /* Foundation.framework */,
				EA0668C5192A45C4009C83F1 /* CoreGraphics.framework */,
				EA0668C7192A45C4009C83F1 /* UIKit.framework */,
				EA0668DC192A45C4009C83F1 /* XCTest.framework */,
			);
			name = Frameworks;
			sourceTree = "<group>";
		};
/* End PBXGroup section */

/* Begin PBXNativeTarget section */
		A70238CB21C800BA00A7CFE9 /* Kiosk */ = {
			isa = PBXNativeTarget;
			buildConfigurationList = A70238DD21C800BD00A7CFE9 /* Build configuration list for PBXNativeTarget "Kiosk" */;
			buildPhases = (
				A70238C821C800BA00A7CFE9 /* Sources */,
				A70238C921C800BA00A7CFE9 /* Frameworks */,
				A70238CA21C800BA00A7CFE9 /* Resources */,
			);
			buildRules = (
			);
			dependencies = (
			);
			name = Kiosk;
			packageProductDependencies = (
				EADC258226CE1FF2009B13A7 /* SwiftPackageProductDependency */,
				EADC258426CE1FF2009B13A7 /* SwiftPackageProductDependency */,
			);
			productName = Kiosk;
			productReference = A70238CC21C800BA00A7CFE9 /* Kiosk.app */;
			productType = "com.apple.product-type.application";
		};
/* End PBXNativeTarget section */

/* Begin PBXProject section */
		EA0668B8192A45C4009C83F1 /* Project object */ = {
			isa = PBXProject;
			attributes = {
				LastSwiftUpdateCheck = 1010;
				LastUpgradeCheck = 1250;
				ORGANIZATIONNAME = "Coodly LLC";
				TargetAttributes = {
					A70238CB21C800BA00A7CFE9 = {
						CreatedOnToolsVersion = 10.1;
						DevelopmentTeam = 5T8DRBFCBP;
						LastSwiftMigration = 1250;
						ProvisioningStyle = Automatic;
						SystemCapabilities = {
							com.apple.Push = {
								enabled = 1;
							};
							com.apple.iCloud = {
								enabled = 1;
							};
						};
					};
					A7ADF44A21C8F42B008B3205 = {
						CreatedOnToolsVersion = 10.1;
						DevelopmentTeam = 5T8DRBFCBP;
						ProvisioningStyle = Automatic;
					};
				};
			};
			buildConfigurationList = EA0668BB192A45C4009C83F1 /* Build configuration list for PBXProject "Gambrinus" */;
			compatibilityVersion = "Xcode 3.2";
			developmentRegion = English;
			hasScannedForEncodings = 0;
			knownRegions = (
				English,
				en,
				et,
				Base,
			);
			mainGroup = EA0668B7192A45C4009C83F1;
			productRefGroup = EA0668C1192A45C4009C83F1 /* Products */;
			projectDirPath = "";
			projectRoot = "";
			targets = (
				A70238CB21C800BA00A7CFE9 /* Kiosk */,
				A7ADF44A21C8F42B008B3205 /* Check localization */,
			);
		};
/* End PBXProject section */

/* Begin PBXResourcesBuildPhase section */
		A70238CA21C800BA00A7CFE9 /* Resources */ = {
			isa = PBXResourcesBuildPhase;
			buildActionMask = 2147483647;
			files = (
				A70238E921C8025B00A7CFE9 /* LaunchView.xib in Resources */,
				A792726721C92C330001F621 /* Kiosk.sqlite in Resources */,
				A70238D621C800BD00A7CFE9 /* Assets.xcassets in Resources */,
				A70238D421C800BA00A7CFE9 /* Main.storyboard in Resources */,
				A7B66A7A21CD1FCA00DB1840 /* triplex-bold.ttf in Resources */,
			);
			runOnlyForDeploymentPostprocessing = 0;
		};
/* End PBXResourcesBuildPhase section */

/* Begin PBXShellScriptBuildPhase section */
		A7ADF45021C8F448008B3205 /* Check localization */ = {
			isa = PBXShellScriptBuildPhase;
			buildActionMask = 2147483647;
			files = (
			);
			inputFileListPaths = (
			);
			inputPaths = (
			);
			name = "Check localization";
			outputFileListPaths = (
			);
			outputPaths = (
			);
			runOnlyForDeploymentPostprocessing = 0;
			shellPath = /bin/sh;
			shellScript = "/usr/bin/env xcrun --sdk macosx swift scripts/CheckLocalization.swift Packages/Sources/Localization/Resources/\n";
		};
		A7ADF45121C8F464008B3205 /* Generate L10n */ = {
			isa = PBXShellScriptBuildPhase;
			buildActionMask = 2147483647;
			files = (
			);
			inputFileListPaths = (
			);
			inputPaths = (
			);
			name = "Generate L10n";
			outputFileListPaths = (
			);
			outputPaths = (
			);
			runOnlyForDeploymentPostprocessing = 0;
			shellPath = /bin/sh;
			shellScript = "arch -x86_64 swiftgen\n";
		};
/* End PBXShellScriptBuildPhase section */

/* Begin PBXSourcesBuildPhase section */
		A70238C821C800BA00A7CFE9 /* Sources */ = {
			isa = PBXSourcesBuildPhase;
			buildActionMask = 2147483647;
			files = (
				A70238CF21C800BA00A7CFE9 /* AppDelegate.swift in Sources */,
				A78CABE321F435420072B508 /* AppPresentationViewController.swift in Sources */,
				A70238EC21C8030300A7CFE9 /* InitializeViewController.swift in Sources */,
			);
			runOnlyForDeploymentPostprocessing = 0;
		};
/* End PBXSourcesBuildPhase section */

/* Begin PBXVariantGroup section */
		A70238D221C800BA00A7CFE9 /* Main.storyboard */ = {
			isa = PBXVariantGroup;
			children = (
				A70238D321C800BA00A7CFE9 /* Base */,
			);
			name = Main.storyboard;
			sourceTree = "<group>";
		};
/* End PBXVariantGroup section */

/* Begin XCBuildConfiguration section */
		A70238DB21C800BD00A7CFE9 /* Debug */ = {
			isa = XCBuildConfiguration;
			buildSettings = {
				ASSETCATALOG_COMPILER_APPICON_NAME = AppIcon;
				CLANG_ANALYZER_NONNULL = YES;
				CLANG_ANALYZER_NUMBER_OBJECT_CONVERSION = YES_AGGRESSIVE;
				CLANG_CXX_LANGUAGE_STANDARD = "gnu++14";
				CLANG_ENABLE_OBJC_WEAK = YES;
				CLANG_WARN_DOCUMENTATION_COMMENTS = YES;
				CLANG_WARN_UNGUARDED_AVAILABILITY = YES_AGGRESSIVE;
				CODE_SIGN_ENTITLEMENTS = Kiosk/Kiosk.entitlements;
				CODE_SIGN_IDENTITY = "iPhone Developer";
				CODE_SIGN_STYLE = Automatic;
				CURRENT_PROJECT_VERSION = 107;
				DEBUG_INFORMATION_FORMAT = dwarf;
				DEVELOPMENT_TEAM = 5T8DRBFCBP;
				GCC_C_LANGUAGE_STANDARD = gnu11;
				INFOPLIST_FILE = "$(SRCROOT)/Kiosk/Supporting Files/Info.plist";
				IPHONEOS_DEPLOYMENT_TARGET = 9.3;
				LD_RUNPATH_SEARCH_PATHS = (
					"$(inherited)",
					"@executable_path/Frameworks",
				);
				MARKETING_VERSION = 2021.1;
				MTL_ENABLE_DEBUG_INFO = INCLUDE_SOURCE;
				MTL_FAST_MATH = YES;
				PRODUCT_BUNDLE_IDENTIFIER = com.coodly.kiosk.gambrinus;
				PRODUCT_NAME = "$(TARGET_NAME)";
				SWIFT_ACTIVE_COMPILATION_CONDITIONS = DEBUG;
				SWIFT_OPTIMIZATION_LEVEL = "-Onone";
				SWIFT_VERSION = 5.0;
				TARGETED_DEVICE_FAMILY = "1,2";
			};
			name = Debug;
		};
		A70238DC21C800BD00A7CFE9 /* Release */ = {
			isa = XCBuildConfiguration;
			buildSettings = {
				ASSETCATALOG_COMPILER_APPICON_NAME = AppIcon;
				CLANG_ANALYZER_NONNULL = YES;
				CLANG_ANALYZER_NUMBER_OBJECT_CONVERSION = YES_AGGRESSIVE;
				CLANG_CXX_LANGUAGE_STANDARD = "gnu++14";
				CLANG_ENABLE_OBJC_WEAK = YES;
				CLANG_WARN_DOCUMENTATION_COMMENTS = YES;
				CLANG_WARN_UNGUARDED_AVAILABILITY = YES_AGGRESSIVE;
				CODE_SIGN_ENTITLEMENTS = Kiosk/Kiosk.entitlements;
				CODE_SIGN_IDENTITY = "iPhone Developer";
				CODE_SIGN_STYLE = Automatic;
				COPY_PHASE_STRIP = NO;
				CURRENT_PROJECT_VERSION = 107;
				DEBUG_INFORMATION_FORMAT = "dwarf-with-dsym";
				DEVELOPMENT_TEAM = 5T8DRBFCBP;
				GCC_C_LANGUAGE_STANDARD = gnu11;
				INFOPLIST_FILE = "$(SRCROOT)/Kiosk/Supporting Files/Info.plist";
				IPHONEOS_DEPLOYMENT_TARGET = 9.3;
				LD_RUNPATH_SEARCH_PATHS = (
					"$(inherited)",
					"@executable_path/Frameworks",
				);
				MARKETING_VERSION = 2021.1;
				MTL_ENABLE_DEBUG_INFO = NO;
				MTL_FAST_MATH = YES;
				PRODUCT_BUNDLE_IDENTIFIER = com.coodly.kiosk.gambrinus;
				PRODUCT_NAME = "$(TARGET_NAME)";
				SWIFT_VERSION = 5.0;
				TARGETED_DEVICE_FAMILY = "1,2";
			};
			name = Release;
		};
		A7ADF44B21C8F42B008B3205 /* Debug */ = {
			isa = XCBuildConfiguration;
			buildSettings = {
				CODE_SIGN_STYLE = Automatic;
				DEVELOPMENT_TEAM = 5T8DRBFCBP;
				PRODUCT_NAME = "$(TARGET_NAME)";
			};
			name = Debug;
		};
		A7ADF44C21C8F42B008B3205 /* Release */ = {
			isa = XCBuildConfiguration;
			buildSettings = {
				CODE_SIGN_STYLE = Automatic;
				DEVELOPMENT_TEAM = 5T8DRBFCBP;
				PRODUCT_NAME = "$(TARGET_NAME)";
			};
			name = Release;
		};
		EA0668EA192A45C5009C83F1 /* Debug */ = {
			isa = XCBuildConfiguration;
			buildSettings = {
				ALWAYS_SEARCH_USER_PATHS = NO;
				CLANG_ANALYZER_LOCALIZABILITY_NONLOCALIZED = YES;
				CLANG_CXX_LANGUAGE_STANDARD = "gnu++0x";
				CLANG_CXX_LIBRARY = "libc++";
				CLANG_ENABLE_MODULES = YES;
				CLANG_ENABLE_OBJC_ARC = YES;
				CLANG_WARN_BLOCK_CAPTURE_AUTORELEASING = YES;
				CLANG_WARN_BOOL_CONVERSION = YES;
				CLANG_WARN_COMMA = YES;
				CLANG_WARN_CONSTANT_CONVERSION = YES;
				CLANG_WARN_DEPRECATED_OBJC_IMPLEMENTATIONS = YES;
				CLANG_WARN_DIRECT_OBJC_ISA_USAGE = YES_ERROR;
				CLANG_WARN_EMPTY_BODY = YES;
				CLANG_WARN_ENUM_CONVERSION = YES;
				CLANG_WARN_INFINITE_RECURSION = YES;
				CLANG_WARN_INT_CONVERSION = YES;
				CLANG_WARN_NON_LITERAL_NULL_CONVERSION = YES;
				CLANG_WARN_OBJC_IMPLICIT_RETAIN_SELF = YES;
				CLANG_WARN_OBJC_LITERAL_CONVERSION = YES;
				CLANG_WARN_OBJC_ROOT_CLASS = YES_ERROR;
				CLANG_WARN_QUOTED_INCLUDE_IN_FRAMEWORK_HEADER = YES;
				CLANG_WARN_RANGE_LOOP_ANALYSIS = YES;
				CLANG_WARN_STRICT_PROTOTYPES = YES;
				CLANG_WARN_SUSPICIOUS_MOVE = YES;
				CLANG_WARN_UNREACHABLE_CODE = YES;
				CLANG_WARN__DUPLICATE_METHOD_MATCH = YES;
				"CODE_SIGN_IDENTITY[sdk=iphoneos*]" = "iPhone Developer";
				COPY_PHASE_STRIP = NO;
				ENABLE_STRICT_OBJC_MSGSEND = YES;
				ENABLE_TESTABILITY = YES;
				GCC_C_LANGUAGE_STANDARD = gnu99;
				GCC_DYNAMIC_NO_PIC = NO;
				GCC_NO_COMMON_BLOCKS = YES;
				GCC_OPTIMIZATION_LEVEL = 0;
				GCC_PREPROCESSOR_DEFINITIONS = (
					"DEBUG=1",
					"$(inherited)",
				);
				GCC_SYMBOLS_PRIVATE_EXTERN = NO;
				GCC_WARN_64_TO_32_BIT_CONVERSION = YES;
				GCC_WARN_ABOUT_RETURN_TYPE = YES_ERROR;
				GCC_WARN_UNDECLARED_SELECTOR = YES;
				GCC_WARN_UNINITIALIZED_AUTOS = YES_AGGRESSIVE;
				GCC_WARN_UNUSED_FUNCTION = YES;
				GCC_WARN_UNUSED_VARIABLE = YES;
				IPHONEOS_DEPLOYMENT_TARGET = 9.3;
				ONLY_ACTIVE_ARCH = YES;
				SDKROOT = iphoneos;
				TARGETED_DEVICE_FAMILY = "1,2";
			};
			name = Debug;
		};
		EA0668EB192A45C5009C83F1 /* Release */ = {
			isa = XCBuildConfiguration;
			buildSettings = {
				ALWAYS_SEARCH_USER_PATHS = NO;
				CLANG_ANALYZER_LOCALIZABILITY_NONLOCALIZED = YES;
				CLANG_CXX_LANGUAGE_STANDARD = "gnu++0x";
				CLANG_CXX_LIBRARY = "libc++";
				CLANG_ENABLE_MODULES = YES;
				CLANG_ENABLE_OBJC_ARC = YES;
				CLANG_WARN_BLOCK_CAPTURE_AUTORELEASING = YES;
				CLANG_WARN_BOOL_CONVERSION = YES;
				CLANG_WARN_COMMA = YES;
				CLANG_WARN_CONSTANT_CONVERSION = YES;
				CLANG_WARN_DEPRECATED_OBJC_IMPLEMENTATIONS = YES;
				CLANG_WARN_DIRECT_OBJC_ISA_USAGE = YES_ERROR;
				CLANG_WARN_EMPTY_BODY = YES;
				CLANG_WARN_ENUM_CONVERSION = YES;
				CLANG_WARN_INFINITE_RECURSION = YES;
				CLANG_WARN_INT_CONVERSION = YES;
				CLANG_WARN_NON_LITERAL_NULL_CONVERSION = YES;
				CLANG_WARN_OBJC_IMPLICIT_RETAIN_SELF = YES;
				CLANG_WARN_OBJC_LITERAL_CONVERSION = YES;
				CLANG_WARN_OBJC_ROOT_CLASS = YES_ERROR;
				CLANG_WARN_QUOTED_INCLUDE_IN_FRAMEWORK_HEADER = YES;
				CLANG_WARN_RANGE_LOOP_ANALYSIS = YES;
				CLANG_WARN_STRICT_PROTOTYPES = YES;
				CLANG_WARN_SUSPICIOUS_MOVE = YES;
				CLANG_WARN_UNREACHABLE_CODE = YES;
				CLANG_WARN__DUPLICATE_METHOD_MATCH = YES;
				"CODE_SIGN_IDENTITY[sdk=iphoneos*]" = "iPhone Developer";
				COPY_PHASE_STRIP = YES;
				ENABLE_NS_ASSERTIONS = NO;
				ENABLE_STRICT_OBJC_MSGSEND = YES;
				GCC_C_LANGUAGE_STANDARD = gnu99;
				GCC_NO_COMMON_BLOCKS = YES;
				GCC_WARN_64_TO_32_BIT_CONVERSION = YES;
				GCC_WARN_ABOUT_RETURN_TYPE = YES_ERROR;
				GCC_WARN_UNDECLARED_SELECTOR = YES;
				GCC_WARN_UNINITIALIZED_AUTOS = YES_AGGRESSIVE;
				GCC_WARN_UNUSED_FUNCTION = YES;
				GCC_WARN_UNUSED_VARIABLE = YES;
				IPHONEOS_DEPLOYMENT_TARGET = 9.3;
				SDKROOT = iphoneos;
				SWIFT_COMPILATION_MODE = wholemodule;
				SWIFT_OPTIMIZATION_LEVEL = "-O";
				TARGETED_DEVICE_FAMILY = "1,2";
				VALIDATE_PRODUCT = YES;
			};
			name = Release;
		};
/* End XCBuildConfiguration section */

/* Begin XCConfigurationList section */
		A70238DD21C800BD00A7CFE9 /* Build configuration list for PBXNativeTarget "Kiosk" */ = {
			isa = XCConfigurationList;
			buildConfigurations = (
				A70238DB21C800BD00A7CFE9 /* Debug */,
				A70238DC21C800BD00A7CFE9 /* Release */,
			);
			defaultConfigurationIsVisible = 0;
			defaultConfigurationName = Release;
		};
		A7ADF44D21C8F42B008B3205 /* Build configuration list for PBXAggregateTarget "Check localization" */ = {
			isa = XCConfigurationList;
			buildConfigurations = (
				A7ADF44B21C8F42B008B3205 /* Debug */,
				A7ADF44C21C8F42B008B3205 /* Release */,
			);
			defaultConfigurationIsVisible = 0;
			defaultConfigurationName = Release;
		};
		EA0668BB192A45C4009C83F1 /* Build configuration list for PBXProject "Gambrinus" */ = {
			isa = XCConfigurationList;
			buildConfigurations = (
				EA0668EA192A45C5009C83F1 /* Debug */,
				EA0668EB192A45C5009C83F1 /* Release */,
			);
			defaultConfigurationIsVisible = 0;
			defaultConfigurationName = Release;
		};
/* End XCConfigurationList section */

/* Begin XCSwiftPackageProductDependency section */
		EADC258226CE1FF2009B13A7 /* SwiftPackageProductDependency */ = {
			isa = XCSwiftPackageProductDependency;
			productName = KioskCore;
		};
		EADC258426CE1FF2009B13A7 /* SwiftPackageProductDependency */ = {
			isa = XCSwiftPackageProductDependency;
			productName = KioskUI;
		};
/* End XCSwiftPackageProductDependency section */
	};
	rootObject = EA0668B8192A45C4009C83F1 /* Project object */;
}
